
Microsoft Visual Studio Solution File, Format Version 12.00
# Visual Studio Version 17
VisualStudioVersion = 17.0.31912.275
MinimumVisualStudioVersion = 10.0.40219.1
Project("{9A19103F-16F7-4668-BE54-9A1E7A4F7556}") = "Api", "src\Presentation\Api\Api.csproj", "{BEE33BD1-1006-4366-89B9-8FCB3681E2EC}"
	ProjectSection(ProjectDependencies) = postProject
		{6BE2E012-E615-4A38-9AF1-2264BF4C1CB1} = {6BE2E012-E615-4A38-9AF1-2264BF4C1CB1}
	EndProjectSection
EndProject
Project("{9A19103F-16F7-4668-BE54-9A1E7A4F7556}") = "Domain", "src\Framework\Core\Core.csproj", "{59D44E7B-0DC8-489B-9C01-D48B89FF61FA}"
EndProject
Project("{9A19103F-16F7-4668-BE54-9A1E7A4F7556}") = "Infrastructure", "src\Framework\Infrastructure\Infrastructure.csproj", "{6BE2E012-E615-4A38-9AF1-2264BF4C1CB1}"
EndProject
Project("{2150E333-8FDC-42A3-9474-1A3956D46DE8}") = "Framework", "Framework", "{6FD75B0C-C3D6-4EC4-BF91-952EB6D61774}"
EndProject
Project("{2150E333-8FDC-42A3-9474-1A3956D46DE8}") = "Presentation", "Presentation", "{079D585F-ACC1-4ACE-9F6C-803B30CFA9B7}"
EndProject
Project("{2150E333-8FDC-42A3-9474-1A3956D46DE8}") = "Test", "Test", "{63E8FF91-D6EC-4C40-BDF0-B53EB0B058FD}"
EndProject
Project("{9A19103F-16F7-4668-BE54-9A1E7A4F7556}") = "IntegrationTest", "src\Test\IntegrationTest\IntegrationTest.csproj", "{3697C5BF-A283-4B90-97F7-CA867D93071A}"
EndProject
Project("{9A19103F-16F7-4668-BE54-9A1E7A4F7556}") = "UnitTest", "src\Test\UnitTest\UnitTest.csproj", "{C8A4047A-CD9A-40DD-9ADA-51B9E0206B8C}"
EndProject
Global
	GlobalSection(SolutionConfigurationPlatforms) = preSolution
		Debug|Any CPU = Debug|Any CPU
		Release|Any CPU = Release|Any CPU
	EndGlobalSection
	GlobalSection(ProjectConfigurationPlatforms) = postSolution
		{BEE33BD1-1006-4366-89B9-8FCB3681E2EC}.Debug|Any CPU.ActiveCfg = Debug|Any CPU
		{BEE33BD1-1006-4366-89B9-8FCB3681E2EC}.Debug|Any CPU.Build.0 = Debug|Any CPU
		{BEE33BD1-1006-4366-89B9-8FCB3681E2EC}.Release|Any CPU.ActiveCfg = Release|Any CPU
		{BEE33BD1-1006-4366-89B9-8FCB3681E2EC}.Release|Any CPU.Build.0 = Release|Any CPU
		{59D44E7B-0DC8-489B-9C01-D48B89FF61FA}.Debug|Any CPU.ActiveCfg = Debug|Any CPU
		{59D44E7B-0DC8-489B-9C01-D48B89FF61FA}.Debug|Any CPU.Build.0 = Debug|Any CPU
		{59D44E7B-0DC8-489B-9C01-D48B89FF61FA}.Release|Any CPU.ActiveCfg = Release|Any CPU
		{59D44E7B-0DC8-489B-9C01-D48B89FF61FA}.Release|Any CPU.Build.0 = Release|Any CPU
		{6BE2E012-E615-4A38-9AF1-2264BF4C1CB1}.Debug|Any CPU.ActiveCfg = Debug|Any CPU
		{6BE2E012-E615-4A38-9AF1-2264BF4C1CB1}.Debug|Any CPU.Build.0 = Debug|Any CPU
		{6BE2E012-E615-4A38-9AF1-2264BF4C1CB1}.Release|Any CPU.ActiveCfg = Release|Any CPU
		{6BE2E012-E615-4A38-9AF1-2264BF4C1CB1}.Release|Any CPU.Build.0 = Release|Any CPU
		{3697C5BF-A283-4B90-97F7-CA867D93071A}.Debug|Any CPU.ActiveCfg = Debug|Any CPU
		{3697C5BF-A283-4B90-97F7-CA867D93071A}.Debug|Any CPU.Build.0 = Debug|Any CPU
		{3697C5BF-A283-4B90-97F7-CA867D93071A}.Release|Any CPU.ActiveCfg = Release|Any CPU
		{3697C5BF-A283-4B90-97F7-CA867D93071A}.Release|Any CPU.Build.0 = Release|Any CPU
		{C8A4047A-CD9A-40DD-9ADA-51B9E0206B8C}.Debug|Any CPU.ActiveCfg = Debug|Any CPU
		{C8A4047A-CD9A-40DD-9ADA-51B9E0206B8C}.Debug|Any CPU.Build.0 = Debug|Any CPU
		{C8A4047A-CD9A-40DD-9ADA-51B9E0206B8C}.Release|Any CPU.ActiveCfg = Release|Any CPU
		{C8A4047A-CD9A-40DD-9ADA-51B9E0206B8C}.Release|Any CPU.Build.0 = Release|Any CPU
	EndGlobalSection
	GlobalSection(SolutionProperties) = preSolution
		HideSolutionNode = FALSE
	EndGlobalSection
	GlobalSection(NestedProjects) = preSolution
		{BEE33BD1-1006-4366-89B9-8FCB3681E2EC} = {079D585F-ACC1-4ACE-9F6C-803B30CFA9B7}
		{59D44E7B-0DC8-489B-9C01-D48B89FF61FA} = {6FD75B0C-C3D6-4EC4-BF91-952EB6D61774}
		{6BE2E012-E615-4A38-9AF1-2264BF4C1CB1} = {6FD75B0C-C3D6-4EC4-BF91-952EB6D61774}
		{3697C5BF-A283-4B90-97F7-CA867D93071A} = {63E8FF91-D6EC-4C40-BDF0-B53EB0B058FD}
		{C8A4047A-CD9A-40DD-9ADA-51B9E0206B8C} = {63E8FF91-D6EC-4C40-BDF0-B53EB0B058FD}
	EndGlobalSection
	GlobalSection(ExtensibilityGlobals) = postSolution
		SolutionGuid = {F0B0205C-0239-4946-A093-CF7B35CEBB3A}
	EndGlobalSection
EndGlobal
